// !$*UTF8*$!
{
	archiveVersion = 1;
	classes = {
	};
	objectVersion = 50;
	objects = {

/* Begin PBXBuildFile section */
		F22BC20F20F496C600AB9018 /* AppDelegate.swift in Sources */ = {isa = PBXBuildFile; fileRef = F22BC20E20F496C600AB9018 /* AppDelegate.swift */; };
		F22BC21120F496C600AB9018 /* ViewController.swift in Sources */ = {isa = PBXBuildFile; fileRef = F22BC21020F496C600AB9018 /* ViewController.swift */; };
		F22BC21420F496C600AB9018 /* Main.storyboard in Resources */ = {isa = PBXBuildFile; fileRef = F22BC21220F496C600AB9018 /* Main.storyboard */; };
		F22BC21620F496C800AB9018 /* Assets.xcassets in Resources */ = {isa = PBXBuildFile; fileRef = F22BC21520F496C800AB9018 /* Assets.xcassets */; };
		F22BC21920F496C800AB9018 /* LaunchScreen.storyboard in Resources */ = {isa = PBXBuildFile; fileRef = F22BC21720F496C800AB9018 /* LaunchScreen.storyboard */; };
		F22BC22420F496C800AB9018 /* calculatorTests.swift in Sources */ = {isa = PBXBuildFile; fileRef = F22BC22320F496C800AB9018 /* calculatorTests.swift */; };
		F22BC22F20F496C800AB9018 /* calculatorUITests.swift in Sources */ = {isa = PBXBuildFile; fileRef = F22BC22E20F496C800AB9018 /* calculatorUITests.swift */; };
/* End PBXBuildFile section */

/* Begin PBXContainerItemProxy section */
		F22BC22020F496C800AB9018 /* PBXContainerItemProxy */ = {
			isa = PBXContainerItemProxy;
			containerPortal = F22BC20320F496C600AB9018 /* Project object */;
			proxyType = 1;
			remoteGlobalIDString = F22BC20A20F496C600AB9018;
			remoteInfo = calculator;
		};
		F22BC22B20F496C800AB9018 /* PBXContainerItemProxy */ = {
			isa = PBXContainerItemProxy;
			containerPortal = F22BC20320F496C600AB9018 /* Project object */;
			proxyType = 1;
			remoteGlobalIDString = F22BC20A20F496C600AB9018;
			remoteInfo = calculator;
		};
/* End PBXContainerItemProxy section */

/* Begin PBXFileReference section */
		F22BC20B20F496C600AB9018 /* calculator.app */ = {isa = PBXFileReference; explicitFileType = wrapper.application; includeInIndex = 0; path = calculator.app; sourceTree = BUILT_PRODUCTS_DIR; };
		F22BC20E20F496C600AB9018 /* AppDelegate.swift */ = {isa = PBXFileReference; lastKnownFileType = sourcecode.swift; path = AppDelegate.swift; sourceTree = "<group>"; };
		F22BC21020F496C600AB9018 /* ViewController.swift */ = {isa = PBXFileReference; lastKnownFileType = sourcecode.swift; path = ViewController.swift; sourceTree = "<group>"; };
		F22BC21320F496C600AB9018 /* Base */ = {isa = PBXFileReference; lastKnownFileType = file.storyboard; name = Base; path = Base.lproj/Main.storyboard; sourceTree = "<group>"; };
		F22BC21520F496C800AB9018 /* Assets.xcassets */ = {isa = PBXFileReference; lastKnownFileType = folder.assetcatalog; path = Assets.xcassets; sourceTree = "<group>"; };
		F22BC21820F496C800AB9018 /* Base */ = {isa = PBXFileReference; lastKnownFileType = file.storyboard; name = Base; path = Base.lproj/LaunchScreen.storyboard; sourceTree = "<group>"; };
		F22BC21A20F496C800AB9018 /* Info.plist */ = {isa = PBXFileReference; lastKnownFileType = text.plist.xml; path = Info.plist; sourceTree = "<group>"; };
		F22BC21F20F496C800AB9018 /* calculatorTests.xctest */ = {isa = PBXFileReference; explicitFileType = wrapper.cfbundle; includeInIndex = 0; path = calculatorTests.xctest; sourceTree = BUILT_PRODUCTS_DIR; };
		F22BC22320F496C800AB9018 /* calculatorTests.swift */ = {isa = PBXFileReference; lastKnownFileType = sourcecode.swift; path = calculatorTests.swift; sourceTree = "<group>"; };
		F22BC22520F496C800AB9018 /* Info.plist */ = {isa = PBXFileReference; lastKnownFileType = text.plist.xml; path = Info.plist; sourceTree = "<group>"; };
		F22BC22A20F496C800AB9018 /* calculatorUITests.xctest */ = {isa = PBXFileReference; explicitFileType = wrapper.cfbundle; includeInIndex = 0; path = calculatorUITests.xctest; sourceTree = BUILT_PRODUCTS_DIR; };
		F22BC22E20F496C800AB9018 /* calculatorUITests.swift */ = {isa = PBXFileReference; lastKnownFileType = sourcecode.swift; path = calculatorUITests.swift; sourceTree = "<group>"; };
		F22BC23020F496C800AB9018 /* Info.plist */ = {isa = PBXFileReference; lastKnownFileType = text.plist.xml; path = Info.plist; sourceTree = "<group>"; };
/* End PBXFileReference section */

/* Begin PBXFrameworksBuildPhase section */
		F22BC20820F496C600AB9018 /* Frameworks */ = {
			isa = PBXFrameworksBuildPhase;
			buildActionMask = 2147483647;
			files = (
			);
			runOnlyForDeploymentPostprocessing = 0;
		};
		F22BC21C20F496C800AB9018 /* Frameworks */ = {
			isa = PBXFrameworksBuildPhase;
			buildActionMask = 2147483647;
			files = (
			);
			runOnlyForDeploymentPostprocessing = 0;
		};
		F22BC22720F496C800AB9018 /* Frameworks */ = {
			isa = PBXFrameworksBuildPhase;
			buildActionMask = 2147483647;
			files = (
			);
			runOnlyForDeploymentPostprocessing = 0;
		};
/* End PBXFrameworksBuildPhase section */

/* Begin PBXGroup section */
		F22BC20220F496C600AB9018 = {
			isa = PBXGroup;
			children = (
				F22BC20D20F496C600AB9018 /* calculator */,
				F22BC22220F496C800AB9018 /* calculatorTests */,
				F22BC22D20F496C800AB9018 /* calculatorUITests */,
				F22BC20C20F496C600AB9018 /* Products */,
			);
			sourceTree = "<group>";
		};
		F22BC20C20F496C600AB9018 /* Products */ = {
			isa = PBXGroup;
			children = (
				F22BC20B20F496C600AB9018 /* calculator.app */,
				F22BC21F20F496C800AB9018 /* calculatorTests.xctest */,
				F22BC22A20F496C800AB9018 /* calculatorUITests.xctest */,
			);
			name = Products;
			sourceTree = "<group>";
		};
		F22BC20D20F496C600AB9018 /* calculator */ = {
			isa = PBXGroup;
			children = (
				F22BC20E20F496C600AB9018 /* AppDelegate.swift */,
				F22BC21020F496C600AB9018 /* ViewController.swift */,
				F22BC21220F496C600AB9018 /* Main.storyboard */,
				F22BC21520F496C800AB9018 /* Assets.xcassets */,
				F22BC21720F496C800AB9018 /* LaunchScreen.storyboard */,
				F22BC21A20F496C800AB9018 /* Info.plist */,
			);
			path = calculator;
			sourceTree = "<group>";
		};
		F22BC22220F496C800AB9018 /* calculatorTests */ = {
			isa = PBXGroup;
			children = (
				F22BC22320F496C800AB9018 /* calculatorTests.swift */,
				F22BC22520F496C800AB9018 /* Info.plist */,
			);
			path = calculatorTests;
			sourceTree = "<group>";
		};
		F22BC22D20F496C800AB9018 /* calculatorUITests */ = {
			isa = PBXGroup;
			children = (
				F22BC22E20F496C800AB9018 /* calculatorUITests.swift */,
				F22BC23020F496C800AB9018 /* Info.plist */,
			);
			path = calculatorUITests;
			sourceTree = "<group>";
		};
/* End PBXGroup section */

/* Begin PBXNativeTarget section */
		F22BC20A20F496C600AB9018 /* calculator */ = {
			isa = PBXNativeTarget;
			buildConfigurationList = F22BC23320F496C800AB9018 /* Build configuration list for PBXNativeTarget "calculator" */;
			buildPhases = (
				F22BC20720F496C600AB9018 /* Sources */,
				F22BC20820F496C600AB9018 /* Frameworks */,
				F22BC20920F496C600AB9018 /* Resources */,
			);
			buildRules = (
			);
			dependencies = (
			);
			name = calculator;
			productName = calculator;
			productReference = F22BC20B20F496C600AB9018 /* calculator.app */;
			productType = "com.apple.product-type.application";
		};
		F22BC21E20F496C800AB9018 /* calculatorTests */ = {
			isa = PBXNativeTarget;
			buildConfigurationList = F22BC23620F496C800AB9018 /* Build configuration list for PBXNativeTarget "calculatorTests" */;
			buildPhases = (
				F22BC21B20F496C800AB9018 /* Sources */,
				F22BC21C20F496C800AB9018 /* Frameworks */,
				F22BC21D20F496C800AB9018 /* Resources */,
			);
			buildRules = (
			);
			dependencies = (
				F22BC22120F496C800AB9018 /* PBXTargetDependency */,
			);
			name = calculatorTests;
			productName = calculatorTests;
			productReference = F22BC21F20F496C800AB9018 /* calculatorTests.xctest */;
			productType = "com.apple.product-type.bundle.unit-test";
		};
		F22BC22920F496C800AB9018 /* calculatorUITests */ = {
			isa = PBXNativeTarget;
			buildConfigurationList = F22BC23920F496C800AB9018 /* Build configuration list for PBXNativeTarget "calculatorUITests" */;
			buildPhases = (
				F22BC22620F496C800AB9018 /* Sources */,
				F22BC22720F496C800AB9018 /* Frameworks */,
				F22BC22820F496C800AB9018 /* Resources */,
			);
			buildRules = (
			);
			dependencies = (
				F22BC22C20F496C800AB9018 /* PBXTargetDependency */,
			);
			name = calculatorUITests;
			productName = calculatorUITests;
			productReference = F22BC22A20F496C800AB9018 /* calculatorUITests.xctest */;
			productType = "com.apple.product-type.bundle.ui-testing";
		};
/* End PBXNativeTarget section */

/* Begin PBXProject section */
		F22BC20320F496C600AB9018 /* Project object */ = {
			isa = PBXProject;
			attributes = {
				LastSwiftUpdateCheck = 0940;
				LastUpgradeCheck = 0940;
				ORGANIZATIONNAME = "siva praveen Rayapudi";
				TargetAttributes = {
					F22BC20A20F496C600AB9018 = {
						CreatedOnToolsVersion = 9.4.1;
					};
					F22BC21E20F496C800AB9018 = {
						CreatedOnToolsVersion = 9.4.1;
						TestTargetID = F22BC20A20F496C600AB9018;
					};
					F22BC22920F496C800AB9018 = {
						CreatedOnToolsVersion = 9.4.1;
						TestTargetID = F22BC20A20F496C600AB9018;
					};
				};
			};
			buildConfigurationList = F22BC20620F496C600AB9018 /* Build configuration list for PBXProject "calculator" */;
			compatibilityVersion = "Xcode 9.3";
			developmentRegion = en;
			hasScannedForEncodings = 0;
			knownRegions = (
				en,
				Base,
			);
			mainGroup = F22BC20220F496C600AB9018;
			productRefGroup = F22BC20C20F496C600AB9018 /* Products */;
			projectDirPath = "";
			projectRoot = "";
			targets = (
				F22BC20A20F496C600AB9018 /* calculator */,
				F22BC21E20F496C800AB9018 /* calculatorTests */,
				F22BC22920F496C800AB9018 /* calculatorUITests */,
			);
		};
/* End PBXProject section */

/* Begin PBXResourcesBuildPhase section */
		F22BC20920F496C600AB9018 /* Resources */ = {
			isa = PBXResourcesBuildPhase;
			buildActionMask = 2147483647;
			files = (
				F22BC21920F496C800AB9018 /* LaunchScreen.storyboard in Resources */,
				F22BC21620F496C800AB9018 /* Assets.xcassets in Resources */,
				F22BC21420F496C600AB9018 /* Main.storyboard in Resources */,
			);
			runOnlyForDeploymentPostprocessing = 0;
		};
		F22BC21D20F496C800AB9018 /* Resources */ = {
			isa = PBXResourcesBuildPhase;
			buildActionMask = 2147483647;
			files = (
			);
			runOnlyForDeploymentPostprocessing = 0;
		};
		F22BC22820F496C800AB9018 /* Resources */ = {
			isa = PBXResourcesBuildPhase;
			buildActionMask = 2147483647;
			files = (
			);
			runOnlyForDeploymentPostprocessing = 0;
		};
/* End PBXResourcesBuildPhase section */

/* Begin PBXSourcesBuildPhase section */
		F22BC20720F496C600AB9018 /* Sources */ = {
			isa = PBXSourcesBuildPhase;
			buildActionMask = 2147483647;
			files = (
				F22BC21120F496C600AB9018 /* ViewController.swift in Sources */,
				F22BC20F20F496C600AB9018 /* AppDelegate.swift in Sources */,
			);
			runOnlyForDeploymentPostprocessing = 0;
		};
		F22BC21B20F496C800AB9018 /* Sources */ = {
			isa = PBXSourcesBuildPhase;
			buildActionMask = 2147483647;
			files = (
				F22BC22420F496C800AB9018 /* calculatorTests.swift in Sources */,
			);
			runOnlyForDeploymentPostprocessing = 0;
		};
		F22BC22620F496C800AB9018 /* Sources */ = {
			isa = PBXSourcesBuildPhase;
			buildActionMask = 2147483647;
			files = (
				F22BC22F20F496C800AB9018 /* calculatorUITests.swift in Sources */,
			);
			runOnlyForDeploymentPostprocessing = 0;
		};
/* End PBXSourcesBuildPhase section */

/* Begin PBXTargetDependency section */
		F22BC22120F496C800AB9018 /* PBXTargetDependency */ = {
			isa = PBXTargetDependency;
			target = F22BC20A20F496C600AB9018 /* calculator */;
			targetProxy = F22BC22020F496C800AB9018 /* PBXContainerItemProxy */;
		};
		F22BC22C20F496C800AB9018 /* PBXTargetDependency */ = {
			isa = PBXTargetDependency;
			target = F22BC20A20F496C600AB9018 /* calculator */;
			targetProxy = F22BC22B20F496C800AB9018 /* PBXContainerItemProxy */;
		};
/* End PBXTargetDependency section */

/* Begin PBXVariantGroup section */
		F22BC21220F496C600AB9018 /* Main.storyboard */ = {
			isa = PBXVariantGroup;
			children = (
				F22BC21320F496C600AB9018 /* Base */,
			);
			name = Main.storyboard;
			sourceTree = "<group>";
		};
		F22BC21720F496C800AB9018 /* LaunchScreen.storyboard */ = {
			isa = PBXVariantGroup;
			children = (
				F22BC21820F496C800AB9018 /* Base */,
			);
			name = LaunchScreen.storyboard;
			sourceTree = "<group>";
		};
/* End PBXVariantGroup section */

/* Begin XCBuildConfiguration section */
		F22BC23120F496C800AB9018 /* Debug */ = {
			isa = XCBuildConfiguration;
			buildSettings = {
				ALWAYS_SEARCH_USER_PATHS = NO;
				CLANG_ANALYZER_NONNULL = YES;
				CLANG_ANALYZER_NUMBER_OBJECT_CONVERSION = YES_AGGRESSIVE;
				CLANG_CXX_LANGUAGE_STANDARD = "gnu++14";
				CLANG_CXX_LIBRARY = "libc++";
				CLANG_ENABLE_MODULES = YES;
				CLANG_ENABLE_OBJC_ARC = YES;
				CLANG_ENABLE_OBJC_WEAK = YES;
				CLANG_WARN_BLOCK_CAPTURE_AUTORELEASING = YES;
				CLANG_WARN_BOOL_CONVERSION = YES;
				CLANG_WARN_COMMA = YES;
				CLANG_WARN_CONSTANT_CONVERSION = YES;
				CLANG_WARN_DEPRECATED_OBJC_IMPLEMENTATIONS = YES;
				CLANG_WARN_DIRECT_OBJC_ISA_USAGE = YES_ERROR;
				CLANG_WARN_DOCUMENTATION_COMMENTS = YES;
				CLANG_WARN_EMPTY_BODY = YES;
				CLANG_WARN_ENUM_CONVERSION = YES;
				CLANG_WARN_INFINITE_RECURSION = YES;
				CLANG_WARN_INT_CONVERSION = YES;
				CLANG_WARN_NON_LITERAL_NULL_CONVERSION = YES;
				CLANG_WARN_OBJC_IMPLICIT_RETAIN_SELF = YES;
				CLANG_WARN_OBJC_LITERAL_CONVERSION = YES;
				CLANG_WARN_OBJC_ROOT_CLASS = YES_ERROR;
				CLANG_WARN_RANGE_LOOP_ANALYSIS = YES;
				CLANG_WARN_STRICT_PROTOTYPES = YES;
				CLANG_WARN_SUSPICIOUS_MOVE = YES;
				CLANG_WARN_UNGUARDED_AVAILABILITY = YES_AGGRESSIVE;
				CLANG_WARN_UNREACHABLE_CODE = YES;
				CLANG_WARN__DUPLICATE_METHOD_MATCH = YES;
				CODE_SIGN_IDENTITY = "iPhone Developer";
				COPY_PHASE_STRIP = NO;
				DEBUG_INFORMATION_FORMAT = dwarf;
				ENABLE_STRICT_OBJC_MSGSEND = YES;
				ENABLE_TESTABILITY = YES;
				GCC_C_LANGUAGE_STANDARD = gnu11;
				GCC_DYNAMIC_NO_PIC = NO;
				GCC_NO_COMMON_BLOCKS = YES;
				GCC_OPTIMIZATION_LEVEL = 0;
				GCC_PREPROCESSOR_DEFINITIONS = (
					"DEBUG=1",
					"$(inherited)",
				);
				GCC_WARN_64_TO_32_BIT_CONVERSION = YES;
				GCC_WARN_ABOUT_RETURN_TYPE = YES_ERROR;
				GCC_WARN_UNDECLARED_SELECTOR = YES;
				GCC_WARN_UNINITIALIZED_AUTOS = YES_AGGRESSIVE;
				GCC_WARN_UNUSED_FUNCTION = YES;
				GCC_WARN_UNUSED_VARIABLE = YES;
				IPHONEOS_DEPLOYMENT_TARGET = 11.4;
				MTL_ENABLE_DEBUG_INFO = YES;
				ONLY_ACTIVE_ARCH = YES;
				SDKROOT = iphoneos;
				SWIFT_ACTIVE_COMPILATION_CONDITIONS = DEBUG;
				SWIFT_OPTIMIZATION_LEVEL = "-Onone";
			};
			name = Debug;
		};
		F22BC23220F496C800AB9018 /* Release */ = {
			isa = XCBuildConfiguration;
			buildSettings = {
				ALWAYS_SEARCH_USER_PATHS = NO;
				CLANG_ANALYZER_NONNULL = YES;
				CLANG_ANALYZER_NUMBER_OBJECT_CONVERSION = YES_AGGRESSIVE;
				CLANG_CXX_LANGUAGE_STANDARD = "gnu++14";
				CLANG_CXX_LIBRARY = "libc++";
				CLANG_ENABLE_MODULES = YES;
				CLANG_ENABLE_OBJC_ARC = YES;
				CLANG_ENABLE_OBJC_WEAK = YES;
				CLANG_WARN_BLOCK_CAPTURE_AUTORELEASING = YES;
				CLANG_WARN_BOOL_CONVERSION = YES;
				CLANG_WARN_COMMA = YES;
				CLANG_WARN_CONSTANT_CONVERSION = YES;
				CLANG_WARN_DEPRECATED_OBJC_IMPLEMENTATIONS = YES;
				CLANG_WARN_DIRECT_OBJC_ISA_USAGE = YES_ERROR;
				CLANG_WARN_DOCUMENTATION_COMMENTS = YES;
				CLANG_WARN_EMPTY_BODY = YES;
				CLANG_WARN_ENUM_CONVERSION = YES;
				CLANG_WARN_INFINITE_RECURSION = YES;
				CLANG_WARN_INT_CONVERSION = YES;
				CLANG_WARN_NON_LITERAL_NULL_CONVERSION = YES;
				CLANG_WARN_OBJC_IMPLICIT_RETAIN_SELF = YES;
				CLANG_WARN_OBJC_LITERAL_CONVERSION = YES;
				CLANG_WARN_OBJC_ROOT_CLASS = YES_ERROR;
				CLANG_WARN_RANGE_LOOP_ANALYSIS = YES;
				CLANG_WARN_STRICT_PROTOTYPES = YES;
				CLANG_WARN_SUSPICIOUS_MOVE = YES;
				CLANG_WARN_UNGUARDED_AVAILABILITY = YES_AGGRESSIVE;
				CLANG_WARN_UNREACHABLE_CODE = YES;
				CLANG_WARN__DUPLICATE_METHOD_MATCH = YES;
				CODE_SIGN_IDENTITY = "iPhone Developer";
				COPY_PHASE_STRIP = NO;
				DEBUG_INFORMATION_FORMAT = "dwarf-with-dsym";
				ENABLE_NS_ASSERTIONS = NO;
				ENABLE_STRICT_OBJC_MSGSEND = YES;
				GCC_C_LANGUAGE_STANDARD = gnu11;
				GCC_NO_COMMON_BLOCKS = YES;
				GCC_WARN_64_TO_32_BIT_CONVERSION = YES;
				GCC_WARN_ABOUT_RETURN_TYPE = YES_ERROR;
				GCC_WARN_UNDECLARED_SELECTOR = YES;
				GCC_WARN_UNINITIALIZED_AUTOS = YES_AGGRESSIVE;
				GCC_WARN_UNUSED_FUNCTION = YES;
				GCC_WARN_UNUSED_VARIABLE = YES;
				IPHONEOS_DEPLOYMENT_TARGET = 11.4;
				MTL_ENABLE_DEBUG_INFO = NO;
				SDKROOT = iphoneos;
				SWIFT_COMPILATION_MODE = wholemodule;
				SWIFT_OPTIMIZATION_LEVEL = "-O";
				VALIDATE_PRODUCT = YES;
			};
			name = Release;
		};
		F22BC23420F496C800AB9018 /* Debug */ = {
			isa = XCBuildConfiguration;
			buildSettings = {
				ASSETCATALOG_COMPILER_APPICON_NAME = AppIcon;
				CODE_SIGN_STYLE = Automatic;
				INFOPLIST_FILE = calculator/Info.plist;
				LD_RUNPATH_SEARCH_PATHS = (
					"$(inherited)",
					"@executable_path/Frameworks",
				);
				PRODUCT_BUNDLE_IDENTIFIER = Self.calculator;
				PRODUCT_NAME = "$(TARGET_NAME)";
				SWIFT_VERSION = 4.0;
				TARGETED_DEVICE_FAMILY = "1,2";
			};
			name = Debug;
		};
		F22BC23520F496C800AB9018 /* Release */ = {
			isa = XCBuildConfiguration;
			buildSettings = {
				ASSETCATALOG_COMPILER_APPICON_NAME = AppIcon;
				CODE_SIGN_STYLE = Automatic;
				INFOPLIST_FILE = calculator/Info.plist;
				LD_RUNPATH_SEARCH_PATHS = (
					"$(inherited)",
					"@executable_path/Frameworks",
				);
				PRODUCT_BUNDLE_IDENTIFIER = Self.calculator;
				PRODUCT_NAME = "$(TARGET_NAME)";
				SWIFT_VERSION = 4.0;
				TARGETED_DEVICE_FAMILY = "1,2";
			};
			name = Release;
		};
		F22BC23720F496C800AB9018 /* Debug */ = {
			isa = XCBuildConfiguration;
			buildSettings = {
				ALWAYS_EMBED_SWIFT_STANDARD_LIBRARIES = YES;
				BUNDLE_LOADER = "$(TEST_HOST)";
				CODE_SIGN_STYLE = Automatic;
				INFOPLIST_FILE = calculatorTests/Info.plist;
				LD_RUNPATH_SEARCH_PATHS = (
					"$(inherited)",
					"@executable_path/Frameworks",
					"@loader_path/Frameworks",
				);
				PRODUCT_BUNDLE_IDENTIFIER = Self.calculatorTests;
				PRODUCT_NAME = "$(TARGET_NAME)";
				SWIFT_VERSION = 4.0;
				TARGETED_DEVICE_FAMILY = "1,2";
				TEST_HOST = "$(BUILT_PRODUCTS_DIR)/calculator.app/calculator";
			};
			name = Debug;
		};
		F22BC23820F496C800AB9018 /* Release */ = {
			isa = XCBuildConfiguration;
			buildSettings = {
				ALWAYS_EMBED_SWIFT_STANDARD_LIBRARIES = YES;
				BUNDLE_LOADER = "$(TEST_HOST)";
				CODE_SIGN_STYLE = Automatic;
				INFOPLIST_FILE = calculatorTests/Info.plist;
				LD_RUNPATH_SEARCH_PATHS = (
					"$(inherited)",
					"@executable_path/Frameworks",
					"@loader_path/Frameworks",
				);
				PRODUCT_BUNDLE_IDENTIFIER = Self.calculatorTests;
				PRODUCT_NAME = "$(TARGET_NAME)";
				SWIFT_VERSION = 4.0;
				TARGETED_DEVICE_FAMILY = "1,2";
				TEST_HOST = "$(BUILT_PRODUCTS_DIR)/calculator.app/calculator";
			};
			name = Release;
		};
		F22BC23A20F496C800AB9018 /* Debug */ = {
			isa = XCBuildConfiguration;
			buildSettings = {
				ALWAYS_EMBED_SWIFT_STANDARD_LIBRARIES = YES;
				CODE_SIGN_STYLE = Automatic;
				INFOPLIST_FILE = calculatorUITests/Info.plist;
				LD_RUNPATH_SEARCH_PATHS = (
					"$(inherited)",
					"@executable_path/Frameworks",
					"@loader_path/Frameworks",
				);
				PRODUCT_BUNDLE_IDENTIFIER = Self.calculatorUITests;
				PRODUCT_NAME = "$(TARGET_NAME)";
				SWIFT_VERSION = 4.0;
				TARGETED_DEVICE_FAMILY = "1,2";
				TEST_TARGET_NAME = calculator;
			};
			name = Debug;
		};
		F22BC23B20F496C800AB9018 /* Release */ = {
			isa = XCBuildConfiguration;
			buildSettings = {
				ALWAYS_EMBED_SWIFT_STANDARD_LIBRARIES = YES;
				CODE_SIGN_STYLE = Automatic;
				INFOPLIST_FILE = calculatorUITests/Info.plist;
				LD_RUNPATH_SEARCH_PATHS = (
					"$(inherited)",
					"@executable_path/Frameworks",
					"@loader_path/Frameworks",
				);
				PRODUCT_BUNDLE_IDENTIFIER = Self.calculatorUITests;
				PRODUCT_NAME = "$(TARGET_NAME)";
				SWIFT_VERSION = 4.0;
				TARGETED_DEVICE_FAMILY = "1,2";
				TEST_TARGET_NAME = calculator;
			};
			name = Release;
		};
/* End XCBuildConfiguration section */

/* Begin XCConfigurationList section */
		F22BC20620F496C600AB9018 /* Build configuration list for PBXProject "calculator" */ = {
			isa = XCConfigurationList;
			buildConfigurations = (
				F22BC23120F496C800AB9018 /* Debug */,
				F22BC23220F496C800AB9018 /* Release */,
			);
			defaultConfigurationIsVisible = 0;
			defaultConfigurationName = Release;
		};
		F22BC23320F496C800AB9018 /* Build configuration list for PBXNativeTarget "calculator" */ = {
			isa = XCConfigurationList;
			buildConfigurations = (
				F22BC23420F496C800AB9018 /* Debug */,
				F22BC23520F496C800AB9018 /* Release */,
			);
			defaultConfigurationIsVisible = 0;
			defaultConfigurationName = Release;
		};
		F22BC23620F496C800AB9018 /* Build configuration list for PBXNativeTarget "calculatorTests" */ = {
			isa = XCConfigurationList;
			buildConfigurations = (
				F22BC23720F496C800AB9018 /* Debug */,
				F22BC23820F496C800AB9018 /* Release */,
			);
			defaultConfigurationIsVisible = 0;
			defaultConfigurationName = Release;
		};
		F22BC23920F496C800AB9018 /* Build configuration list for PBXNativeTarget "calculatorUITests" */ = {
			isa = XCConfigurationList;
			buildConfigurations = (
				F22BC23A20F496C800AB9018 /* Debug */,
				F22BC23B20F496C800AB9018 /* Release */,
			);
			defaultConfigurationIsVisible = 0;
			defaultConfigurationName = Release;
		};
/* End XCConfigurationList section */
	};
	rootObject = F22BC20320F496C600AB9018 /* Project object */;
}
